{
  "name": "bipbop",
  "version": "1.0.0",
  "lockfileVersion": 2,
  "requires": true,
  "packages": {
    "": {
      "name": "funlang",
      "version": "1.0.0",
      "license": "ISC",
      "dependencies": {
        "virtual-file-system": "^1.1.5"
      }
    },
    "node_modules/virtual-file-system": {
      "version": "1.1.5",
      "resolved": "https://registry.npmjs.org/virtual-file-system/-/virtual-file-system-1.1.5.tgz",
      "integrity": "sha512-hbX2S1GWyVoA6DHzVBwS0AakasyVKMqOtjGDQSXhBdKkaab5mDhXgK19WgjZuNYgcXfUy4aQlIxVjy28ji7O3g=="
    }
  },
  "dependencies": {
    "virtual-file-system": {
      "version": "1.1.5",
      "resolved": "https://registry.npmjs.org/virtual-file-system/-/virtual-file-system-1.1.5.tgz",
      "integrity": "sha512-hbX2S1GWyVoA6DHzVBwS0AakasyVKMqOtjGDQSXhBdKkaab5mDhXgK19WgjZuNYgcXfUy4aQlIxVjy28ji7O3g=="
    }
  }
}
