{
  "name": "bipbop",
  "version": "1.0.0",
  "lockfileVersion": 2,
  "requires": true,
  "packages": {
    "": {
      "name": "bipbop",
      "version": "1.0.0",
      "license": "ISC",
      "dependencies": {
        "virtual-file-system": "^1.1.6"
      },
      "devDependencies": {
        "@types/node": "^18.6.3"
      }
    },
    "node_modules/@types/node": {
      "version": "18.6.3",
      "resolved": "https://registry.npmjs.org/@types/node/-/node-18.6.3.tgz",
      "integrity": "sha512-6qKpDtoaYLM+5+AFChLhHermMQxc3TOEFIDzrZLPRGHPrLEwqFkkT5Kx3ju05g6X7uDPazz3jHbKPX0KzCjntg==",
      "dev": true
    },
    "node_modules/virtual-file-system": {
      "version": "1.1.6",
      "resolved": "https://registry.npmjs.org/virtual-file-system/-/virtual-file-system-1.1.6.tgz",
      "integrity": "sha512-F3QWSEtjy1UQd5NrHe3H9dyRjki84+ENPr7Wvj0RzEt5/8ya6cIex/dHDNcOV1F1LKgpvDc5gvNhZEawhWtSxQ=="
    }
  },
  "dependencies": {
    "@types/node": {
      "version": "18.6.3",
      "resolved": "https://registry.npmjs.org/@types/node/-/node-18.6.3.tgz",
      "integrity": "sha512-6qKpDtoaYLM+5+AFChLhHermMQxc3TOEFIDzrZLPRGHPrLEwqFkkT5Kx3ju05g6X7uDPazz3jHbKPX0KzCjntg==",
      "dev": true
    },
    "virtual-file-system": {
      "version": "1.1.6",
      "resolved": "https://registry.npmjs.org/virtual-file-system/-/virtual-file-system-1.1.6.tgz",
      "integrity": "sha512-F3QWSEtjy1UQd5NrHe3H9dyRjki84+ENPr7Wvj0RzEt5/8ya6cIex/dHDNcOV1F1LKgpvDc5gvNhZEawhWtSxQ=="
    }
  }
}
