{
  "name": "bipbop",
  "version": "1.0.0",
  "lockfileVersion": 2,
  "requires": true,
  "packages": {
    "": {
      "name": "bipbop",
      "version": "1.0.0",
      "license": "ISC",
      "dependencies": {
        "virtual-file-system": "^1.2.8"
      },
      "devDependencies": {
        "@types/node": "^18.6.3"
      }
    },
    "node_modules/@types/node": {
      "version": "18.6.3",
      "resolved": "https://registry.npmjs.org/@types/node/-/node-18.6.3.tgz",
      "integrity": "sha512-6qKpDtoaYLM+5+AFChLhHermMQxc3TOEFIDzrZLPRGHPrLEwqFkkT5Kx3ju05g6X7uDPazz3jHbKPX0KzCjntg==",
      "dev": true
    },
    "node_modules/virtual-file-system": {
      "version": "1.2.8",
      "resolved": "https://registry.npmjs.org/virtual-file-system/-/virtual-file-system-1.2.8.tgz",
      "integrity": "sha512-omDiXrsQN3lHZDKLV5O+sjogmptLxdnUeKSUNiEKVn2S5/liqTi2mxq+G/hKhAG2DSVqWIJRna93OnEXtEwpTQ=="
    }
  },
  "dependencies": {
    "@types/node": {
      "version": "18.6.3",
      "resolved": "https://registry.npmjs.org/@types/node/-/node-18.6.3.tgz",
      "integrity": "sha512-6qKpDtoaYLM+5+AFChLhHermMQxc3TOEFIDzrZLPRGHPrLEwqFkkT5Kx3ju05g6X7uDPazz3jHbKPX0KzCjntg==",
      "dev": true
    },
    "virtual-file-system": {
      "version": "1.2.8",
      "resolved": "https://registry.npmjs.org/virtual-file-system/-/virtual-file-system-1.2.8.tgz",
      "integrity": "sha512-omDiXrsQN3lHZDKLV5O+sjogmptLxdnUeKSUNiEKVn2S5/liqTi2mxq+G/hKhAG2DSVqWIJRna93OnEXtEwpTQ=="
    }
  }
}
